
Microsoft Visual Studio Solution File, Format Version 12.00
# Visual Studio Version 16
VisualStudioVersion = 16.0.31624.102
MinimumVisualStudioVersion = 10.0.40219.1
Project("{FAE04EC0-301F-11D3-BF4B-00C04F79EFBC}") = "IfTest3", "IfTest3\IfTest3.csproj", "{553C538F-A64F-418F-9E5B-776E87E6D8E5}"
EndProject
Global
	GlobalSection(SolutionConfigurationPlatforms) = preSolution
		Debug|Any CPU = Debug|Any CPU
		Release|Any CPU = Release|Any CPU
	EndGlobalSection
	GlobalSection(ProjectConfigurationPlatforms) = postSolution
		{553C538F-A64F-418F-9E5B-776E87E6D8E5}.Debug|Any CPU.ActiveCfg = Debug|Any CPU
		{553C538F-A64F-418F-9E5B-776E87E6D8E5}.Debug|Any CPU.Build.0 = Debug|Any CPU
		{553C538F-A64F-418F-9E5B-776E87E6D8E5}.Release|Any CPU.ActiveCfg = Release|Any CPU
		{553C538F-A64F-418F-9E5B-776E87E6D8E5}.Release|Any CPU.Build.0 = Release|Any CPU
	EndGlobalSection
	GlobalSection(SolutionProperties) = preSolution
		HideSolutionNode = FALSE
	EndGlobalSection
	GlobalSection(ExtensibilityGlobals) = postSolution
		SolutionGuid = {48941D62-4063-4D2C-B950-062A24A3FFAB}
	EndGlobalSection
EndGlobal
