
Microsoft Visual Studio Solution File, Format Version 12.00
# Visual Studio Version 16
VisualStudioVersion = 16.0.31624.102
MinimumVisualStudioVersion = 10.0.40219.1
Project("{FAE04EC0-301F-11D3-BF4B-00C04F79EFBC}") = "FunctionEvenOdd", "FunctionEvenOdd\FunctionEvenOdd.csproj", "{C18B29C2-3529-4BAE-B197-F09BA9EF605D}"
EndProject
Global
	GlobalSection(SolutionConfigurationPlatforms) = preSolution
		Debug|Any CPU = Debug|Any CPU
		Release|Any CPU = Release|Any CPU
	EndGlobalSection
	GlobalSection(ProjectConfigurationPlatforms) = postSolution
		{C18B29C2-3529-4BAE-B197-F09BA9EF605D}.Debug|Any CPU.ActiveCfg = Debug|Any CPU
		{C18B29C2-3529-4BAE-B197-F09BA9EF605D}.Debug|Any CPU.Build.0 = Debug|Any CPU
		{C18B29C2-3529-4BAE-B197-F09BA9EF605D}.Release|Any CPU.ActiveCfg = Release|Any CPU
		{C18B29C2-3529-4BAE-B197-F09BA9EF605D}.Release|Any CPU.Build.0 = Release|Any CPU
	EndGlobalSection
	GlobalSection(SolutionProperties) = preSolution
		HideSolutionNode = FALSE
	EndGlobalSection
	GlobalSection(ExtensibilityGlobals) = postSolution
		SolutionGuid = {8101ACE5-F27B-4461-82B0-DC09314F22A0}
	EndGlobalSection
EndGlobal
