
Microsoft Visual Studio Solution File, Format Version 12.00
# Visual Studio Version 16
VisualStudioVersion = 16.0.31702.278
MinimumVisualStudioVersion = 10.0.40219.1
Project("{FAE04EC0-301F-11D3-BF4B-00C04F79EFBC}") = "MovableApp", "MovableApp\MovableApp.csproj", "{6FB67354-0289-4732-8088-44D00BD38D41}"
EndProject
Global
	GlobalSection(SolutionConfigurationPlatforms) = preSolution
		Debug|Any CPU = Debug|Any CPU
		Release|Any CPU = Release|Any CPU
	EndGlobalSection
	GlobalSection(ProjectConfigurationPlatforms) = postSolution
		{6FB67354-0289-4732-8088-44D00BD38D41}.Debug|Any CPU.ActiveCfg = Debug|Any CPU
		{6FB67354-0289-4732-8088-44D00BD38D41}.Debug|Any CPU.Build.0 = Debug|Any CPU
		{6FB67354-0289-4732-8088-44D00BD38D41}.Release|Any CPU.ActiveCfg = Release|Any CPU
		{6FB67354-0289-4732-8088-44D00BD38D41}.Release|Any CPU.Build.0 = Release|Any CPU
	EndGlobalSection
	GlobalSection(SolutionProperties) = preSolution
		HideSolutionNode = FALSE
	EndGlobalSection
	GlobalSection(ExtensibilityGlobals) = postSolution
		SolutionGuid = {5F8FC522-F22E-4D48-9B32-8923BEA0BF54}
	EndGlobalSection
EndGlobal
