
Microsoft Visual Studio Solution File, Format Version 12.00
# Visual Studio Version 16
VisualStudioVersion = 16.0.31624.102
MinimumVisualStudioVersion = 10.0.40219.1
Project("{FAE04EC0-301F-11D3-BF4B-00C04F79EFBC}") = "RectangleApp", "RectangleApp\RectangleApp.csproj", "{F58EF86C-C56E-43EE-8DD0-0A6A61205906}"
EndProject
Global
	GlobalSection(SolutionConfigurationPlatforms) = preSolution
		Debug|Any CPU = Debug|Any CPU
		Release|Any CPU = Release|Any CPU
	EndGlobalSection
	GlobalSection(ProjectConfigurationPlatforms) = postSolution
		{F58EF86C-C56E-43EE-8DD0-0A6A61205906}.Debug|Any CPU.ActiveCfg = Debug|Any CPU
		{F58EF86C-C56E-43EE-8DD0-0A6A61205906}.Debug|Any CPU.Build.0 = Debug|Any CPU
		{F58EF86C-C56E-43EE-8DD0-0A6A61205906}.Release|Any CPU.ActiveCfg = Release|Any CPU
		{F58EF86C-C56E-43EE-8DD0-0A6A61205906}.Release|Any CPU.Build.0 = Release|Any CPU
	EndGlobalSection
	GlobalSection(SolutionProperties) = preSolution
		HideSolutionNode = FALSE
	EndGlobalSection
	GlobalSection(ExtensibilityGlobals) = postSolution
		SolutionGuid = {3E8E6825-284E-43C8-BA14-DC10DE538618}
	EndGlobalSection
EndGlobal
