
Microsoft Visual Studio Solution File, Format Version 12.00
# Visual Studio 2012
Project("{FAE04EC0-301F-11D3-BF4B-00C04F79EFBC}") = "Serialization", "Serialization\Serialization.csproj", "{B6B99C53-D0D5-402C-AFE2-73AEE4C45AD6}"
EndProject
Global
	GlobalSection(SolutionConfigurationPlatforms) = preSolution
		Debug|Any CPU = Debug|Any CPU
		Release|Any CPU = Release|Any CPU
	EndGlobalSection
	GlobalSection(ProjectConfigurationPlatforms) = postSolution
		{B6B99C53-D0D5-402C-AFE2-73AEE4C45AD6}.Debug|Any CPU.ActiveCfg = Debug|Any CPU
		{B6B99C53-D0D5-402C-AFE2-73AEE4C45AD6}.Debug|Any CPU.Build.0 = Debug|Any CPU
		{B6B99C53-D0D5-402C-AFE2-73AEE4C45AD6}.Release|Any CPU.ActiveCfg = Release|Any CPU
		{B6B99C53-D0D5-402C-AFE2-73AEE4C45AD6}.Release|Any CPU.Build.0 = Release|Any CPU
	EndGlobalSection
	GlobalSection(SolutionProperties) = preSolution
		HideSolutionNode = FALSE
	EndGlobalSection
EndGlobal
