
Microsoft Visual Studio Solution File, Format Version 12.00
# Visual Studio Version 16
VisualStudioVersion = 16.0.31624.102
MinimumVisualStudioVersion = 10.0.40219.1
Project("{FAE04EC0-301F-11D3-BF4B-00C04F79EFBC}") = "AccountApp", "AccountApp\AccountApp.csproj", "{464D775A-CEA5-4AC5-81A8-C8C333ACCFFB}"
EndProject
Global
	GlobalSection(SolutionConfigurationPlatforms) = preSolution
		Debug|Any CPU = Debug|Any CPU
		Release|Any CPU = Release|Any CPU
	EndGlobalSection
	GlobalSection(ProjectConfigurationPlatforms) = postSolution
		{464D775A-CEA5-4AC5-81A8-C8C333ACCFFB}.Debug|Any CPU.ActiveCfg = Debug|Any CPU
		{464D775A-CEA5-4AC5-81A8-C8C333ACCFFB}.Debug|Any CPU.Build.0 = Debug|Any CPU
		{464D775A-CEA5-4AC5-81A8-C8C333ACCFFB}.Release|Any CPU.ActiveCfg = Release|Any CPU
		{464D775A-CEA5-4AC5-81A8-C8C333ACCFFB}.Release|Any CPU.Build.0 = Release|Any CPU
	EndGlobalSection
	GlobalSection(SolutionProperties) = preSolution
		HideSolutionNode = FALSE
	EndGlobalSection
	GlobalSection(ExtensibilityGlobals) = postSolution
		SolutionGuid = {425D3364-3B79-48B9-AB80-CC85D28CAB02}
	EndGlobalSection
EndGlobal
