
Microsoft Visual Studio Solution File, Format Version 12.00
# Visual Studio Version 16
VisualStudioVersion = 16.0.31624.102
MinimumVisualStudioVersion = 10.0.40219.1
Project("{FAE04EC0-301F-11D3-BF4B-00C04F79EFBC}") = "DotComApp", "DotComApp\DotComApp.csproj", "{DB2FD624-9707-48E1-9EE8-A5ED3CD924DB}"
EndProject
Global
	GlobalSection(SolutionConfigurationPlatforms) = preSolution
		Debug|Any CPU = Debug|Any CPU
		Release|Any CPU = Release|Any CPU
	EndGlobalSection
	GlobalSection(ProjectConfigurationPlatforms) = postSolution
		{DB2FD624-9707-48E1-9EE8-A5ED3CD924DB}.Debug|Any CPU.ActiveCfg = Debug|Any CPU
		{DB2FD624-9707-48E1-9EE8-A5ED3CD924DB}.Debug|Any CPU.Build.0 = Debug|Any CPU
		{DB2FD624-9707-48E1-9EE8-A5ED3CD924DB}.Release|Any CPU.ActiveCfg = Release|Any CPU
		{DB2FD624-9707-48E1-9EE8-A5ED3CD924DB}.Release|Any CPU.Build.0 = Release|Any CPU
	EndGlobalSection
	GlobalSection(SolutionProperties) = preSolution
		HideSolutionNode = FALSE
	EndGlobalSection
	GlobalSection(ExtensibilityGlobals) = postSolution
		SolutionGuid = {5DE93677-0FAE-4395-A5B6-1A8AB087B172}
	EndGlobalSection
EndGlobal
