
Microsoft Visual Studio Solution File, Format Version 12.00
# Visual Studio 2012
Project("{FAE04EC0-301F-11D3-BF4B-00C04F79EFBC}") = "AccountLib", "AccountLib\AccountLib.csproj", "{F7188986-CE0D-4C59-A02F-E7461B42E12B}"
EndProject
Project("{FAE04EC0-301F-11D3-BF4B-00C04F79EFBC}") = "AccountConsoleApp", "AccountConsoleApp\AccountConsoleApp.csproj", "{2EA5AE4E-C93E-4672-98B6-F6CEE32206B3}"
EndProject
Global
	GlobalSection(SolutionConfigurationPlatforms) = preSolution
		Debug|Any CPU = Debug|Any CPU
		Release|Any CPU = Release|Any CPU
	EndGlobalSection
	GlobalSection(ProjectConfigurationPlatforms) = postSolution
		{F7188986-CE0D-4C59-A02F-E7461B42E12B}.Debug|Any CPU.ActiveCfg = Debug|Any CPU
		{F7188986-CE0D-4C59-A02F-E7461B42E12B}.Debug|Any CPU.Build.0 = Debug|Any CPU
		{F7188986-CE0D-4C59-A02F-E7461B42E12B}.Release|Any CPU.ActiveCfg = Release|Any CPU
		{F7188986-CE0D-4C59-A02F-E7461B42E12B}.Release|Any CPU.Build.0 = Release|Any CPU
		{2EA5AE4E-C93E-4672-98B6-F6CEE32206B3}.Debug|Any CPU.ActiveCfg = Debug|Any CPU
		{2EA5AE4E-C93E-4672-98B6-F6CEE32206B3}.Debug|Any CPU.Build.0 = Debug|Any CPU
		{2EA5AE4E-C93E-4672-98B6-F6CEE32206B3}.Release|Any CPU.ActiveCfg = Release|Any CPU
		{2EA5AE4E-C93E-4672-98B6-F6CEE32206B3}.Release|Any CPU.Build.0 = Release|Any CPU
	EndGlobalSection
	GlobalSection(SolutionProperties) = preSolution
		HideSolutionNode = FALSE
	EndGlobalSection
EndGlobal
