
Microsoft Visual Studio Solution File, Format Version 12.00
# Visual Studio Version 16
VisualStudioVersion = 16.0.31702.278
MinimumVisualStudioVersion = 10.0.40219.1
Project("{FAE04EC0-301F-11D3-BF4B-00C04F79EFBC}") = "MyUnitTestApp", "MyUnitTestApp\MyUnitTestApp.csproj", "{CDCEC1E6-C181-49D5-BAA5-477F361388BB}"
EndProject
Global
	GlobalSection(SolutionConfigurationPlatforms) = preSolution
		Debug|Any CPU = Debug|Any CPU
		Release|Any CPU = Release|Any CPU
	EndGlobalSection
	GlobalSection(ProjectConfigurationPlatforms) = postSolution
		{CDCEC1E6-C181-49D5-BAA5-477F361388BB}.Debug|Any CPU.ActiveCfg = Debug|Any CPU
		{CDCEC1E6-C181-49D5-BAA5-477F361388BB}.Debug|Any CPU.Build.0 = Debug|Any CPU
		{CDCEC1E6-C181-49D5-BAA5-477F361388BB}.Release|Any CPU.ActiveCfg = Release|Any CPU
		{CDCEC1E6-C181-49D5-BAA5-477F361388BB}.Release|Any CPU.Build.0 = Release|Any CPU
	EndGlobalSection
	GlobalSection(SolutionProperties) = preSolution
		HideSolutionNode = FALSE
	EndGlobalSection
	GlobalSection(ExtensibilityGlobals) = postSolution
		SolutionGuid = {E5483205-9EF7-4F9D-A044-0D253A4C9221}
	EndGlobalSection
EndGlobal
