
Microsoft Visual Studio Solution File, Format Version 12.00
# Visual Studio Version 16
VisualStudioVersion = 16.0.31624.102
MinimumVisualStudioVersion = 10.0.40219.1
Project("{FAE04EC0-301F-11D3-BF4B-00C04F79EFBC}") = "DotCom", "DotCom\DotCom.csproj", "{8F872E5E-3846-45D0-B916-FF96382FB1F0}"
EndProject
Global
	GlobalSection(SolutionConfigurationPlatforms) = preSolution
		Debug|Any CPU = Debug|Any CPU
		Release|Any CPU = Release|Any CPU
	EndGlobalSection
	GlobalSection(ProjectConfigurationPlatforms) = postSolution
		{8F872E5E-3846-45D0-B916-FF96382FB1F0}.Debug|Any CPU.ActiveCfg = Debug|Any CPU
		{8F872E5E-3846-45D0-B916-FF96382FB1F0}.Debug|Any CPU.Build.0 = Debug|Any CPU
		{8F872E5E-3846-45D0-B916-FF96382FB1F0}.Release|Any CPU.ActiveCfg = Release|Any CPU
		{8F872E5E-3846-45D0-B916-FF96382FB1F0}.Release|Any CPU.Build.0 = Release|Any CPU
	EndGlobalSection
	GlobalSection(SolutionProperties) = preSolution
		HideSolutionNode = FALSE
	EndGlobalSection
	GlobalSection(ExtensibilityGlobals) = postSolution
		SolutionGuid = {ED444364-DB12-49B8-B063-CFC90C552C29}
	EndGlobalSection
EndGlobal
